Microsoft Visual Studio Solution File, Format Version 12.00
# Visual Studio Version 17
VisualStudioVersion = 17.5.2.0
MinimumVisualStudioVersion = 10.0.40219.1
Project("{FAE04EC0-301F-11D3-BF4B-00C04F79EFBC}") = "leet-code-solutions", "leet-code-solutions.csproj", "{3F2CA433-971C-DA40-91B9-E4978D5BAAAB}"
EndProject
Global
	GlobalSection(SolutionConfigurationPlatforms) = preSolution
		Debug|Any CPU = Debug|Any CPU
		Release|Any CPU = Release|Any CPU
	EndGlobalSection
	GlobalSection(ProjectConfigurationPlatforms) = postSolution
		{3F2CA433-971C-DA40-91B9-E4978D5BAAAB}.Debug|Any CPU.ActiveCfg = Debug|Any CPU
		{3F2CA433-971C-DA40-91B9-E4978D5BAAAB}.Debug|Any CPU.Build.0 = Debug|Any CPU
		{3F2CA433-971C-DA40-91B9-E4978D5BAAAB}.Release|Any CPU.ActiveCfg = Release|Any CPU
		{3F2CA433-971C-DA40-91B9-E4978D5BAAAB}.Release|Any CPU.Build.0 = Release|Any CPU
	EndGlobalSection
	GlobalSection(SolutionProperties) = preSolution
		HideSolutionNode = FALSE
	EndGlobalSection
	GlobalSection(ExtensibilityGlobals) = postSolution
		SolutionGuid = {925CCA4A-0DCB-4483-96E3-31761921234B}
	EndGlobalSection
EndGlobal
